
Microsoft Visual Studio Solution File, Format Version 12.00
# Visual Studio Version 17
VisualStudioVersion = 17.2.32630.192
MinimumVisualStudioVersion = 10.0.40219.1
Project("{8BC9CEB8-8B4A-11D0-8D11-00A0C91BC942}") = "lab1.2", "lab1.2\lab1.2.vcxproj", "{F37DFA85-FE00-4B3F-BA50-583647A7DBD4}"
EndProject
Global
	GlobalSection(SolutionConfigurationPlatforms) = preSolution
		Debug|x64 = Debug|x64
		Debug|x86 = Debug|x86
		Release|x64 = Release|x64
		Release|x86 = Release|x86
	EndGlobalSection
	GlobalSection(ProjectConfigurationPlatforms) = postSolution
		{F37DFA85-FE00-4B3F-BA50-583647A7DBD4}.Debug|x64.ActiveCfg = Debug|x64
		{F37DFA85-FE00-4B3F-BA50-583647A7DBD4}.Debug|x64.Build.0 = Debug|x64
		{F37DFA85-FE00-4B3F-BA50-583647A7DBD4}.Debug|x86.ActiveCfg = Debug|Win32
		{F37DFA85-FE00-4B3F-BA50-583647A7DBD4}.Debug|x86.Build.0 = Debug|Win32
		{F37DFA85-FE00-4B3F-BA50-583647A7DBD4}.Release|x64.ActiveCfg = Release|x64
		{F37DFA85-FE00-4B3F-BA50-583647A7DBD4}.Release|x64.Build.0 = Release|x64
		{F37DFA85-FE00-4B3F-BA50-583647A7DBD4}.Release|x86.ActiveCfg = Release|Win32
		{F37DFA85-FE00-4B3F-BA50-583647A7DBD4}.Release|x86.Build.0 = Release|Win32
	EndGlobalSection
	GlobalSection(SolutionProperties) = preSolution
		HideSolutionNode = FALSE
	EndGlobalSection
	GlobalSection(ExtensibilityGlobals) = postSolution
		SolutionGuid = {261F1523-6B2D-4714-AB42-8D345D73312F}
	EndGlobalSection
EndGlobal
